{
  "name": "womenwhostream.tech",
  "version": "0.1.0",
  "lockfileVersion": 2,
  "requires": true,
  "packages": {
    "": {
      "name": "womenwhostream.tech",
      "version": "0.1.0",
      "license": "MIT",
      "dependencies": {
        "contentful-management": "^10.14.0",
        "dotenv": "^16.0.2",
        "next": "^12.3.0",
        "next-seo": "^5.5.0",
        "next-sitemap": "^3.1.2",
        "node-fetch": "^3.2.10",
        "react": "^18.2.0",
        "react-dom": "^18.2.0"
      }
    },
    "node_modules/@corex/deepmerge": {
      "version": "4.0.29",
      "resolved": "https://registry.npmjs.org/@corex/deepmerge/-/deepmerge-4.0.29.tgz",
      "integrity": "sha512-q/yVUnqckA8Do+EvAfpy7RLdumnBy9ZsducMUtZTvpdbJC7azEf1hGtnYYxm0QfphYxjwggv6XtH64prvS1W+A=="
    },
    "node_modules/@next/env": {
      "version": "12.3.0",
      "resolved": "https://registry.npmjs.org/@next/env/-/env-12.3.0.tgz",
      "integrity": "sha512-PTJpjAFVbzBQ9xXpzMTroShvD5YDIIy46jQ7d4LrWpY+/5a8H90Tm8hE3Hvkc5RBRspVo7kvEOnqQms0A+2Q6w=="
    },
    "node_modules/@next/swc-android-arm-eabi": {
      "version": "12.3.0",
      "resolved": "https://registry.npmjs.org/@next/swc-android-arm-eabi/-/swc-android-arm-eabi-12.3.0.tgz",
      "integrity": "sha512-/PuirPnAKsYBw93w/7Q9hqy+KGOU9mjYprZ/faxMUJh/dc6v3rYLxkZKNG9nFPIW4QKNTCnhP40xF9hLnxO+xg==",
      "cpu": [
        "arm"
      ],
      "optional": true,
      "os": [
        "android"
      ],
      "engines": {
        "node": ">= 10"
      }
    },
    "node_modules/@next/swc-android-arm64": {
      "version": "12.3.0",
      "resolved": "https://registry.npmjs.org/@next/swc-android-arm64/-/swc-android-arm64-12.3.0.tgz",
      "integrity": "sha512-OaI+FhAM6P9B6Ybwbn0Zl8YwWido0lLwhDBi9WiYCh4RQmIXAyVIoIJPHo4fP05+mXaJ/k1trvDvuURvHOq2qw==",
      "cpu": [
        "arm64"
      ],
      "optional": true,
      "os": [
        "android"
      ],
      "engines": {
        "node": ">= 10"
      }
    },
    "node_modules/@next/swc-darwin-arm64": {
      "version": "12.3.0",
      "resolved": "https://registry.npmjs.org/@next/swc-darwin-arm64/-/swc-darwin-arm64-12.3.0.tgz",
      "integrity": "sha512-9s4d3Mhii+WFce8o8Jok7WC3Bawkr9wEUU++SJRptjU1L5tsfYJMrSYCACHLhZujziNDLyExe4Hwwsccps1sfg==",
      "cpu": [
        "arm64"
      ],
      "optional": true,
      "os": [
        "darwin"
      ],
      "engines": {
        "node": ">= 10"
      }
    },
    "node_modules/@next/swc-darwin-x64": {
      "version": "12.3.0",
      "resolved": "https://registry.npmjs.org/@next/swc-darwin-x64/-/swc-darwin-x64-12.3.0.tgz",
      "integrity": "sha512-2scC4MqUTwGwok+wpVxP+zWp7WcCAVOtutki2E1n99rBOTnUOX6qXkgxSy083yBN6GqwuC/dzHeN7hIKjavfRA==",
      "cpu": [
        "x64"
      ],
      "optional": true,
      "os": [
        "darwin"
      ],
      "engines": {
        "node": ">= 10"
      }
    },
    "node_modules/@next/swc-freebsd-x64": {
      "version": "12.3.0",
      "resolved": "https://registry.npmjs.org/@next/swc-freebsd-x64/-/swc-freebsd-x64-12.3.0.tgz",
      "integrity": "sha512-xAlruUREij/bFa+qsE1tmsP28t7vz02N4ZDHt2lh3uJUniE0Ne9idyIDLc1Ed0IF2RjfgOp4ZVunuS3OM0sngw==",
      "cpu": [
        "x64"
      ],
      "optional": true,
      "os": [
        "freebsd"
      ],
      "engines": {
        "node": ">= 10"
      }
    },
    "node_modules/@next/swc-linux-arm-gnueabihf": {
      "version": "12.3.0",
      "resolved": "https://registry.npmjs.org/@next/swc-linux-arm-gnueabihf/-/swc-linux-arm-gnueabihf-12.3.0.tgz",
      "integrity": "sha512-jin2S4VT/cugc2dSZEUIabhYDJNgrUh7fufbdsaAezgcQzqfdfJqfxl4E9GuafzB4cbRPTaqA0V5uqbp0IyGkQ==",
      "cpu": [
        "arm"
      ],
      "optional": true,
      "os": [
        "linux"
      ],
      "engines": {
        "node": ">= 10"
      }
    },
    "node_modules/@next/swc-linux-arm64-gnu": {
      "version": "12.3.0",
      "resolved": "https://registry.npmjs.org/@next/swc-linux-arm64-gnu/-/swc-linux-arm64-gnu-12.3.0.tgz",
      "integrity": "sha512-RqJHDKe0WImeUrdR0kayTkRWgp4vD/MS7g0r6Xuf8+ellOFH7JAAJffDW3ayuVZeMYOa7RvgNFcOoWnrTUl9Nw==",
      "cpu": [
        "arm64"
      ],
      "optional": true,
      "os": [
        "linux"
      ],
      "engines": {
        "node": ">= 10"
      }
    },
    "node_modules/@next/swc-linux-arm64-musl": {
      "version": "12.3.0",
      "resolved": "https://registry.npmjs.org/@next/swc-linux-arm64-musl/-/swc-linux-arm64-musl-12.3.0.tgz",
      "integrity": "sha512-nvNWoUieMjvDjpYJ/4SQe9lQs2xMj6ZRs8N+bmTrVu9leY2Fg3WD6W9p/1uU9hGO8u+OdF13wc4iRShu/WYIHg==",
      "cpu": [
        "arm64"
      ],
      "optional": true,
      "os": [
        "linux"
      ],
      "engines": {
        "node": ">= 10"
      }
    },
    "node_modules/@next/swc-linux-x64-gnu": {
      "version": "12.3.0",
      "resolved": "https://registry.npmjs.org/@next/swc-linux-x64-gnu/-/swc-linux-x64-gnu-12.3.0.tgz",
      "integrity": "sha512-4ajhIuVU9PeQCMMhdDgZTLrHmjbOUFuIyg6J19hZqwEwDTSqQyrSLkbJs2Nd7IRiM6Ul/XyrtEFCpk4k+xD2+w==",
      "cpu": [
        "x64"
      ],
      "optional": true,
      "os": [
        "linux"
      ],
      "engines": {
        "node": ">= 10"
      }
    },
    "node_modules/@next/swc-linux-x64-musl": {
      "version": "12.3.0",
      "resolved": "https://registry.npmjs.org/@next/swc-linux-x64-musl/-/swc-linux-x64-musl-12.3.0.tgz",
      "integrity": "sha512-U092RBYbaGxoMAwpauePJEu2PuZSEoUCGJBvsptQr2/2XIMwAJDYM4c/M5NfYEsBr+yjvsYNsOpYfeQ88D82Yg==",
      "cpu": [
        "x64"
      ],
      "optional": true,
      "os": [
        "linux"
      ],
      "engines": {
        "node": ">= 10"
      }
    },
    "node_modules/@next/swc-win32-arm64-msvc": {
      "version": "12.3.0",
      "resolved": "https://registry.npmjs.org/@next/swc-win32-arm64-msvc/-/swc-win32-arm64-msvc-12.3.0.tgz",
      "integrity": "sha512-pzSzaxjDEJe67bUok9Nxf9rykbJfHXW0owICFsPBsqHyc+cr8vpF7g9e2APTCddtVhvjkga9ILoZJ9NxWS7Yiw==",
      "cpu": [
        "arm64"
      ],
      "optional": true,
      "os": [
        "win32"
      ],
      "engines": {
        "node": ">= 10"
      }
    },
    "node_modules/@next/swc-win32-ia32-msvc": {
      "version": "12.3.0",
      "resolved": "https://registry.npmjs.org/@next/swc-win32-ia32-msvc/-/swc-win32-ia32-msvc-12.3.0.tgz",
      "integrity": "sha512-MQGUpMbYhQmTZ06a9e0hPQJnxFMwETo2WtyAotY3GEzbNCQVbCGhsvqEKcl+ZEHgShlHXUWvSffq1ZscY6gK7A==",
      "cpu": [
        "ia32"
      ],
      "optional": true,
      "os": [
        "win32"
      ],
      "engines": {
        "node": ">= 10"
      }
    },
    "node_modules/@next/swc-win32-x64-msvc": {
      "version": "12.3.0",
      "resolved": "https://registry.npmjs.org/@next/swc-win32-x64-msvc/-/swc-win32-x64-msvc-12.3.0.tgz",
      "integrity": "sha512-C/nw6OgQpEULWqs+wgMHXGvlJLguPRFFGqR2TAqWBerQ8J+Sg3z1ZTqwelkSi4FoqStGuZ2UdFHIDN1ySmR1xA==",
      "cpu": [
        "x64"
      ],
      "optional": true,
      "os": [
        "win32"
      ],
      "engines": {
        "node": ">= 10"
      }
    },
    "node_modules/@swc/helpers": {
      "version": "0.4.11",
      "resolved": "https://registry.npmjs.org/@swc/helpers/-/helpers-0.4.11.tgz",
      "integrity": "sha512-rEUrBSGIoSFuYxwBYtlUFMlE2CwGhmW+w9355/5oduSw8e5h2+Tj4UrAGNNgP9915++wj5vkQo0UuOBqOAq4nw==",
      "dependencies": {
        "tslib": "^2.4.0"
      }
    },
    "node_modules/@types/json-patch": {
      "version": "0.0.30",
      "resolved": "https://registry.npmjs.org/@types/json-patch/-/json-patch-0.0.30.tgz",
      "integrity": "sha512-MhCUjojzDhVLnZnxwPwa+rETFRDQ0ffjxYdrqOP6TBO2O0/Z64PV5tNeYApo4bc4y4frbWOrRwv/eEkXlI13Rw=="
    },
    "node_modules/asynckit": {
      "version": "0.4.0",
      "resolved": "https://registry.npmjs.org/asynckit/-/asynckit-0.4.0.tgz",
      "integrity": "sha512-Oei9OH4tRh0YqU3GxhX79dM/mwVgvbZJaSNaRk+bshkj0S5cfHcgYakreBjrHwatXKbz+IoIdYLxrKim2MjW0Q=="
    },
    "node_modules/axios": {
      "version": "0.27.2",
      "resolved": "https://registry.npmjs.org/axios/-/axios-0.27.2.tgz",
      "integrity": "sha512-t+yRIyySRTp/wua5xEr+z1q60QmLq8ABsS5O9Me1AsE5dfKqgnCFzwiCZZ/cGNd1lq4/7akDWMxdhVlucjmnOQ==",
      "dependencies": {
        "follow-redirects": "^1.14.9",
        "form-data": "^4.0.0"
      }
    },
    "node_modules/call-bind": {
      "version": "1.0.2",
      "resolved": "https://registry.npmjs.org/call-bind/-/call-bind-1.0.2.tgz",
      "integrity": "sha512-7O+FbCihrB5WGbFYesctwmTKae6rOiIzmz1icreWJ+0aA7LJfuqhEso2T9ncpcFtzMQtzXf2QGGueWJGTYsqrA==",
      "dependencies": {
        "function-bind": "^1.1.1",
        "get-intrinsic": "^1.0.2"
      },
      "funding": {
        "url": "https://github.com/sponsors/ljharb"
      }
    },
    "node_modules/caniuse-lite": {
      "version": "1.0.30001400",
      "resolved": "https://registry.npmjs.org/caniuse-lite/-/caniuse-lite-1.0.30001400.tgz",
      "integrity": "sha512-Mv659Hn65Z4LgZdJ7ge5JTVbE3rqbJaaXgW5LEI9/tOaXclfIZ8DW7D7FCWWWmWiiPS7AC48S8kf3DApSxQdgA==",
      "funding": [
        {
          "type": "opencollective",
          "url": "https://opencollective.com/browserslist"
        },
        {
          "type": "tidelift",
          "url": "https://tidelift.com/funding/github/npm/caniuse-lite"
        }
      ]
    },
    "node_modules/combined-stream": {
      "version": "1.0.8",
      "resolved": "https://registry.npmjs.org/combined-stream/-/combined-stream-1.0.8.tgz",
      "integrity": "sha512-FQN4MRfuJeHf7cBbBMJFXhKSDq+2kAArBlmRBvcvFE5BB1HZKXtSFASDhdlz9zOYwxh8lDdnvmMOe/+5cdoEdg==",
      "dependencies": {
        "delayed-stream": "~1.0.0"
      },
      "engines": {
        "node": ">= 0.8"
      }
    },
    "node_modules/contentful-management": {
      "version": "10.14.0",
      "resolved": "https://registry.npmjs.org/contentful-management/-/contentful-management-10.14.0.tgz",
      "integrity": "sha512-F4CnduBr4EF/toRpNit0bB/xWcVKlUdnTqXT/DaZYURFIyh6ltGHqzHkskia2grG++/KZVPAcqNEM3Y5GV0pFg==",
      "dependencies": {
        "@types/json-patch": "0.0.30",
        "axios": "^0.27.1",
        "contentful-sdk-core": "^7.0.1",
        "fast-copy": "^2.1.1",
        "lodash.isplainobject": "^4.0.6"
      },
      "engines": {
        "node": ">=14"
      }
    },
    "node_modules/contentful-sdk-core": {
      "version": "7.0.2",
      "resolved": "https://registry.npmjs.org/contentful-sdk-core/-/contentful-sdk-core-7.0.2.tgz",
      "integrity": "sha512-HkBzzzJ3UGqOIJiTd4qMEMvn44ccrN7a75gEej28X1srGn05myRgJ/pWbmXJhtgpq/5gU7IURnynyKx/ecsOfg==",
      "dependencies": {
        "fast-copy": "^2.1.3",
        "lodash.isplainobject": "^4.0.6",
        "lodash.isstring": "^4.0.1",
        "p-throttle": "^4.1.1",
        "qs": "^6.9.4"
      },
      "engines": {
        "node": ">=12"
      }
    },
    "node_modules/data-uri-to-buffer": {
      "version": "4.0.0",
      "resolved": "https://registry.npmjs.org/data-uri-to-buffer/-/data-uri-to-buffer-4.0.0.tgz",
      "integrity": "sha512-Vr3mLBA8qWmcuschSLAOogKgQ/Jwxulv3RNE4FXnYWRGujzrRWQI4m12fQqRkwX06C0KanhLr4hK+GydchZsaA==",
      "engines": {
        "node": ">= 12"
      }
    },
    "node_modules/delayed-stream": {
      "version": "1.0.0",
      "resolved": "https://registry.npmjs.org/delayed-stream/-/delayed-stream-1.0.0.tgz",
      "integrity": "sha512-ZySD7Nf91aLB0RxL4KGrKHBXl7Eds1DAmEdcoVawXnLD7SDhpNgtuII2aAkg7a7QS41jxPSZ17p4VdGnMHk3MQ==",
      "engines": {
        "node": ">=0.4.0"
      }
    },
    "node_modules/dotenv": {
      "version": "16.0.2",
      "resolved": "https://registry.npmjs.org/dotenv/-/dotenv-16.0.2.tgz",
      "integrity": "sha512-JvpYKUmzQhYoIFgK2MOnF3bciIZoItIIoryihy0rIA+H4Jy0FmgyKYAHCTN98P5ybGSJcIFbh6QKeJdtZd1qhA==",
      "engines": {
        "node": ">=12"
      }
    },
    "node_modules/fast-copy": {
      "version": "2.1.3",
      "resolved": "https://registry.npmjs.org/fast-copy/-/fast-copy-2.1.3.tgz",
      "integrity": "sha512-LDzYKNTHhD+XOp8wGMuCkY4eTxFZOOycmpwLBiuF3r3OjOmZnURRD8t2dUAbmKuXGbo/MGggwbSjcBdp8QT0+g=="
    },
    "node_modules/fetch-blob": {
      "version": "3.2.0",
      "resolved": "https://registry.npmjs.org/fetch-blob/-/fetch-blob-3.2.0.tgz",
      "integrity": "sha512-7yAQpD2UMJzLi1Dqv7qFYnPbaPx7ZfFK6PiIxQ4PfkGPyNyl2Ugx+a/umUonmKqjhM4DnfbMvdX6otXq83soQQ==",
      "funding": [
        {
          "type": "github",
          "url": "https://github.com/sponsors/jimmywarting"
        },
        {
          "type": "paypal",
          "url": "https://paypal.me/jimmywarting"
        }
      ],
      "dependencies": {
        "node-domexception": "^1.0.0",
        "web-streams-polyfill": "^3.0.3"
      },
      "engines": {
        "node": "^12.20 || >= 14.13"
      }
    },
    "node_modules/follow-redirects": {
      "version": "1.15.2",
      "resolved": "https://registry.npmjs.org/follow-redirects/-/follow-redirects-1.15.2.tgz",
      "integrity": "sha512-VQLG33o04KaQ8uYi2tVNbdrWp1QWxNNea+nmIB4EVM28v0hmP17z7aG1+wAkNzVq4KeXTq3221ye5qTJP91JwA==",
      "funding": [
        {
          "type": "individual",
          "url": "https://github.com/sponsors/RubenVerborgh"
        }
      ],
      "engines": {
        "node": ">=4.0"
      },
      "peerDependenciesMeta": {
        "debug": {
          "optional": true
        }
      }
    },
    "node_modules/form-data": {
      "version": "4.0.0",
      "resolved": "https://registry.npmjs.org/form-data/-/form-data-4.0.0.tgz",
      "integrity": "sha512-ETEklSGi5t0QMZuiXoA/Q6vcnxcLQP5vdugSpuAyi6SVGi2clPPp+xgEhuMaHC+zGgn31Kd235W35f7Hykkaww==",
      "dependencies": {
        "asynckit": "^0.4.0",
        "combined-stream": "^1.0.8",
        "mime-types": "^2.1.12"
      },
      "engines": {
        "node": ">= 6"
      }
    },
    "node_modules/formdata-polyfill": {
      "version": "4.0.10",
      "resolved": "https://registry.npmjs.org/formdata-polyfill/-/formdata-polyfill-4.0.10.tgz",
      "integrity": "sha512-buewHzMvYL29jdeQTVILecSaZKnt/RJWjoZCF5OW60Z67/GmSLBkOFM7qh1PI3zFNtJbaZL5eQu1vLfazOwj4g==",
      "dependencies": {
        "fetch-blob": "^3.1.2"
      },
      "engines": {
        "node": ">=12.20.0"
      }
    },
    "node_modules/function-bind": {
      "version": "1.1.1",
      "resolved": "https://registry.npmjs.org/function-bind/-/function-bind-1.1.1.tgz",
      "integrity": "sha512-yIovAzMX49sF8Yl58fSCWJ5svSLuaibPxXQJFLmBObTuCr0Mf1KiPopGM9NiFjiYBCbfaa2Fh6breQ6ANVTI0A=="
    },
    "node_modules/get-intrinsic": {
      "version": "1.1.3",
      "resolved": "https://registry.npmjs.org/get-intrinsic/-/get-intrinsic-1.1.3.tgz",
      "integrity": "sha512-QJVz1Tj7MS099PevUG5jvnt9tSkXN8K14dxQlikJuPt4uD9hHAHjLyLBiLR5zELelBdD9QNRAXZzsJx0WaDL9A==",
      "dependencies": {
        "function-bind": "^1.1.1",
        "has": "^1.0.3",
        "has-symbols": "^1.0.3"
      },
      "funding": {
        "url": "https://github.com/sponsors/ljharb"
      }
    },
    "node_modules/has": {
      "version": "1.0.3",
      "resolved": "https://registry.npmjs.org/has/-/has-1.0.3.tgz",
      "integrity": "sha512-f2dvO0VU6Oej7RkWJGrehjbzMAjFp5/VKPp5tTpWIV4JHHZK1/BxbFRtf/siA2SWTe09caDmVtYYzWEIbBS4zw==",
      "dependencies": {
        "function-bind": "^1.1.1"
      },
      "engines": {
        "node": ">= 0.4.0"
      }
    },
    "node_modules/has-symbols": {
      "version": "1.0.3",
      "resolved": "https://registry.npmjs.org/has-symbols/-/has-symbols-1.0.3.tgz",
      "integrity": "sha512-l3LCuF6MgDNwTDKkdYGEihYjt5pRPbEg46rtlmnSPlUbgmB8LOIrKJbYYFBSbnPaJexMKtiPO8hmeRjRz2Td+A==",
      "engines": {
        "node": ">= 0.4"
      },
      "funding": {
        "url": "https://github.com/sponsors/ljharb"
      }
    },
    "node_modules/js-tokens": {
      "version": "4.0.0",
      "resolved": "https://registry.npmjs.org/js-tokens/-/js-tokens-4.0.0.tgz",
      "integrity": "sha512-RdJUflcE3cUzKiMqQgsCu06FPu9UdIJO0beYbPhHN4k6apgJtifcoCtT9bcxOpYBtpD2kCM6Sbzg4CausW/PKQ=="
    },
    "node_modules/lodash.isplainobject": {
      "version": "4.0.6",
      "resolved": "https://registry.npmjs.org/lodash.isplainobject/-/lodash.isplainobject-4.0.6.tgz",
      "integrity": "sha512-oSXzaWypCMHkPC3NvBEaPHf0KsA5mvPrOPgQWDsbg8n7orZ290M0BmC/jgRZ4vcJ6DTAhjrsSYgdsW/F+MFOBA=="
    },
    "node_modules/lodash.isstring": {
      "version": "4.0.1",
      "resolved": "https://registry.npmjs.org/lodash.isstring/-/lodash.isstring-4.0.1.tgz",
      "integrity": "sha512-0wJxfxH1wgO3GrbuP+dTTk7op+6L41QCXbGINEmD+ny/G/eCqGzxyCsh7159S+mgDDcoarnBw6PC1PS5+wUGgw=="
    },
    "node_modules/loose-envify": {
      "version": "1.4.0",
      "resolved": "https://registry.npmjs.org/loose-envify/-/loose-envify-1.4.0.tgz",
      "integrity": "sha512-lyuxPGr/Wfhrlem2CL/UcnUc1zcqKAImBDzukY7Y5F/yQiNdko6+fRLevlw1HgMySw7f611UIY408EtxRSoK3Q==",
      "dependencies": {
        "js-tokens": "^3.0.0 || ^4.0.0"
      },
      "bin": {
        "loose-envify": "cli.js"
      }
    },
    "node_modules/mime-db": {
      "version": "1.52.0",
      "resolved": "https://registry.npmjs.org/mime-db/-/mime-db-1.52.0.tgz",
      "integrity": "sha512-sPU4uV7dYlvtWJxwwxHD0PuihVNiE7TyAbQ5SWxDCB9mUYvOgroQOwYQQOKPJ8CIbE+1ETVlOoK1UC2nU3gYvg==",
      "engines": {
        "node": ">= 0.6"
      }
    },
    "node_modules/mime-types": {
      "version": "2.1.35",
      "resolved": "https://registry.npmjs.org/mime-types/-/mime-types-2.1.35.tgz",
      "integrity": "sha512-ZDY+bPm5zTTF+YpCrAU9nK0UgICYPT0QtT1NZWFv4s++TNkcgVaT0g6+4R2uI4MjQjzysHB1zxuWL50hzaeXiw==",
      "dependencies": {
        "mime-db": "1.52.0"
      },
      "engines": {
        "node": ">= 0.6"
      }
    },
    "node_modules/minimist": {
      "version": "1.2.6",
      "resolved": "https://registry.npmjs.org/minimist/-/minimist-1.2.6.tgz",
      "integrity": "sha512-Jsjnk4bw3YJqYzbdyBiNsPWHPfO++UGG749Cxs6peCu5Xg4nrena6OVxOYxrQTqww0Jmwt+Ref8rggumkTLz9Q=="
    },
    "node_modules/nanoid": {
      "version": "3.3.4",
      "resolved": "https://registry.npmjs.org/nanoid/-/nanoid-3.3.4.tgz",
      "integrity": "sha512-MqBkQh/OHTS2egovRtLk45wEyNXwF+cokD+1YPf9u5VfJiRdAiRwB2froX5Co9Rh20xs4siNPm8naNotSD6RBw==",
      "bin": {
        "nanoid": "bin/nanoid.cjs"
      },
      "engines": {
        "node": "^10 || ^12 || ^13.7 || ^14 || >=15.0.1"
      }
    },
    "node_modules/next": {
      "version": "12.3.0",
      "resolved": "https://registry.npmjs.org/next/-/next-12.3.0.tgz",
      "integrity": "sha512-GpzI6me9V1+XYtfK0Ae9WD0mKqHyzQlGq1xH1rzNIYMASo4Tkl4rTe9jSqtBpXFhOS33KohXs9ZY38Akkhdciw==",
      "dependencies": {
        "@next/env": "12.3.0",
        "@swc/helpers": "0.4.11",
        "caniuse-lite": "^1.0.30001332",
        "postcss": "8.4.14",
        "styled-jsx": "5.0.6",
        "use-sync-external-store": "1.2.0"
      },
      "bin": {
        "next": "dist/bin/next"
      },
      "engines": {
        "node": ">=12.22.0"
      },
      "optionalDependencies": {
        "@next/swc-android-arm-eabi": "12.3.0",
        "@next/swc-android-arm64": "12.3.0",
        "@next/swc-darwin-arm64": "12.3.0",
        "@next/swc-darwin-x64": "12.3.0",
        "@next/swc-freebsd-x64": "12.3.0",
        "@next/swc-linux-arm-gnueabihf": "12.3.0",
        "@next/swc-linux-arm64-gnu": "12.3.0",
        "@next/swc-linux-arm64-musl": "12.3.0",
        "@next/swc-linux-x64-gnu": "12.3.0",
        "@next/swc-linux-x64-musl": "12.3.0",
        "@next/swc-win32-arm64-msvc": "12.3.0",
        "@next/swc-win32-ia32-msvc": "12.3.0",
        "@next/swc-win32-x64-msvc": "12.3.0"
      },
      "peerDependencies": {
        "fibers": ">= 3.1.0",
        "node-sass": "^6.0.0 || ^7.0.0",
        "react": "^17.0.2 || ^18.0.0-0",
        "react-dom": "^17.0.2 || ^18.0.0-0",
        "sass": "^1.3.0"
      },
      "peerDependenciesMeta": {
        "fibers": {
          "optional": true
        },
        "node-sass": {
          "optional": true
        },
        "sass": {
          "optional": true
        }
      }
    },
    "node_modules/next-seo": {
      "version": "5.5.0",
      "resolved": "https://registry.npmjs.org/next-seo/-/next-seo-5.5.0.tgz",
      "integrity": "sha512-5ouBHFtx8YrSDW44lj0qIEQ+oMcz6stgoITB+SqHUZbhgizoJsyLmq73gJ0lxtEKpcN8vG2QgRIJfdb8OAPChw==",
      "peerDependencies": {
        "next": "^8.1.1-canary.54 || >=9.0.0",
        "react": ">=16.0.0",
        "react-dom": ">=16.0.0"
      }
    },
    "node_modules/next-sitemap": {
      "version": "3.1.22",
      "resolved": "https://registry.npmjs.org/next-sitemap/-/next-sitemap-3.1.22.tgz",
      "integrity": "sha512-aykbwYTNJ2GKSuxYpXgKK7m/a1Qao03ekUlsNLHvO8XuTTVZDAOe2hGcJtr2vQfXnLeZuSpNUs2IP6hCr4xVZA==",
      "funding": [
        {
          "url": "https://github.com/iamvishnusankar/next-sitemap.git"
        }
      ],
      "dependencies": {
        "@corex/deepmerge": "^4.0.29",
        "minimist": "^1.2.6"
      },
      "bin": {
        "next-sitemap": "bin/next-sitemap.mjs",
        "next-sitemap-cjs": "bin/next-sitemap.cjs"
      },
      "engines": {
        "node": ">=14.18"
      },
      "peerDependencies": {
        "@next/env": "*",
        "next": "*"
      }
    },
    "node_modules/node-domexception": {
      "version": "1.0.0",
      "resolved": "https://registry.npmjs.org/node-domexception/-/node-domexception-1.0.0.tgz",
      "integrity": "sha512-/jKZoMpw0F8GRwl4/eLROPA3cfcXtLApP0QzLmUT/HuPCZWyB7IY9ZrMeKw2O/nFIqPQB3PVM9aYm0F312AXDQ==",
      "funding": [
        {
          "type": "github",
          "url": "https://github.com/sponsors/jimmywarting"
        },
        {
          "type": "github",
          "url": "https://paypal.me/jimmywarting"
        }
      ],
      "engines": {
        "node": ">=10.5.0"
      }
    },
    "node_modules/node-fetch": {
      "version": "3.2.10",
      "resolved": "https://registry.npmjs.org/node-fetch/-/node-fetch-3.2.10.tgz",
      "integrity": "sha512-MhuzNwdURnZ1Cp4XTazr69K0BTizsBroX7Zx3UgDSVcZYKF/6p0CBe4EUb/hLqmzVhl0UpYfgRljQ4yxE+iCxA==",
      "dependencies": {
        "data-uri-to-buffer": "^4.0.0",
        "fetch-blob": "^3.1.4",
        "formdata-polyfill": "^4.0.10"
      },
      "engines": {
        "node": "^12.20.0 || ^14.13.1 || >=16.0.0"
      },
      "funding": {
        "type": "opencollective",
        "url": "https://opencollective.com/node-fetch"
      }
    },
    "node_modules/object-inspect": {
      "version": "1.12.2",
      "resolved": "https://registry.npmjs.org/object-inspect/-/object-inspect-1.12.2.tgz",
      "integrity": "sha512-z+cPxW0QGUp0mcqcsgQyLVRDoXFQbXOwBaqyF7VIgI4TWNQsDHrBpUQslRmIfAoYWdYzs6UlKJtB2XJpTaNSpQ==",
      "funding": {
        "url": "https://github.com/sponsors/ljharb"
      }
    },
    "node_modules/p-throttle": {
      "version": "4.1.1",
      "resolved": "https://registry.npmjs.org/p-throttle/-/p-throttle-4.1.1.tgz",
      "integrity": "sha512-TuU8Ato+pRTPJoDzYD4s7ocJYcNSEZRvlxoq3hcPI2kZDZ49IQ1Wkj7/gDJc3X7XiEAAvRGtDzdXJI0tC3IL1g==",
      "engines": {
        "node": ">=10"
      },
      "funding": {
        "url": "https://github.com/sponsors/sindresorhus"
      }
    },
    "node_modules/picocolors": {
      "version": "1.0.0",
      "resolved": "https://registry.npmjs.org/picocolors/-/picocolors-1.0.0.tgz",
      "integrity": "sha512-1fygroTLlHu66zi26VoTDv8yRgm0Fccecssto+MhsZ0D/DGW2sm8E8AjW7NU5VVTRt5GxbeZ5qBuJr+HyLYkjQ=="
    },
    "node_modules/postcss": {
      "version": "8.4.14",
      "resolved": "https://registry.npmjs.org/postcss/-/postcss-8.4.14.tgz",
      "integrity": "sha512-E398TUmfAYFPBSdzgeieK2Y1+1cpdxJx8yXbK/m57nRhKSmk1GB2tO4lbLBtlkfPQTDKfe4Xqv1ASWPpayPEig==",
      "funding": [
        {
          "type": "opencollective",
          "url": "https://opencollective.com/postcss/"
        },
        {
          "type": "tidelift",
          "url": "https://tidelift.com/funding/github/npm/postcss"
        }
      ],
      "dependencies": {
        "nanoid": "^3.3.4",
        "picocolors": "^1.0.0",
        "source-map-js": "^1.0.2"
      },
      "engines": {
        "node": "^10 || ^12 || >=14"
      }
    },
    "node_modules/qs": {
      "version": "6.11.0",
      "resolved": "https://registry.npmjs.org/qs/-/qs-6.11.0.tgz",
      "integrity": "sha512-MvjoMCJwEarSbUYk5O+nmoSzSutSsTwF85zcHPQ9OrlFoZOYIjaqBAJIqIXjptyD5vThxGq52Xu/MaJzRkIk4Q==",
      "dependencies": {
        "side-channel": "^1.0.4"
      },
      "engines": {
        "node": ">=0.6"
      },
      "funding": {
        "url": "https://github.com/sponsors/ljharb"
      }
    },
    "node_modules/react": {
      "version": "18.2.0",
      "resolved": "https://registry.npmjs.org/react/-/react-18.2.0.tgz",
      "integrity": "sha512-/3IjMdb2L9QbBdWiW5e3P2/npwMBaU9mHCSCUzNln0ZCYbcfTsGbTJrU/kGemdH2IWmB2ioZ+zkxtmq6g09fGQ==",
      "dependencies": {
        "loose-envify": "^1.1.0"
      },
      "engines": {
        "node": ">=0.10.0"
      }
    },
    "node_modules/react-dom": {
      "version": "18.2.0",
      "resolved": "https://registry.npmjs.org/react-dom/-/react-dom-18.2.0.tgz",
      "integrity": "sha512-6IMTriUmvsjHUjNtEDudZfuDQUoWXVxKHhlEGSk81n4YFS+r/Kl99wXiwlVXtPBtJenozv2P+hxDsw9eA7Xo6g==",
      "dependencies": {
        "loose-envify": "^1.1.0",
        "scheduler": "^0.23.0"
      },
      "peerDependencies": {
        "react": "^18.2.0"
      }
    },
    "node_modules/scheduler": {
      "version": "0.23.0",
      "resolved": "https://registry.npmjs.org/scheduler/-/scheduler-0.23.0.tgz",
      "integrity": "sha512-CtuThmgHNg7zIZWAXi3AsyIzA3n4xx7aNyjwC2VJldO2LMVDhFK+63xGqq6CsJH4rTAt6/M+N4GhZiDYPx9eUw==",
      "dependencies": {
        "loose-envify": "^1.1.0"
      }
    },
    "node_modules/side-channel": {
      "version": "1.0.4",
      "resolved": "https://registry.npmjs.org/side-channel/-/side-channel-1.0.4.tgz",
      "integrity": "sha512-q5XPytqFEIKHkGdiMIrY10mvLRvnQh42/+GoBlFW3b2LXLE2xxJpZFdm94we0BaoV3RwJyGqg5wS7epxTv0Zvw==",
      "dependencies": {
        "call-bind": "^1.0.0",
        "get-intrinsic": "^1.0.2",
        "object-inspect": "^1.9.0"
      },
      "funding": {
        "url": "https://github.com/sponsors/ljharb"
      }
    },
    "node_modules/source-map-js": {
      "version": "1.0.2",
      "resolved": "https://registry.npmjs.org/source-map-js/-/source-map-js-1.0.2.tgz",
      "integrity": "sha512-R0XvVJ9WusLiqTCEiGCmICCMplcCkIwwR11mOSD9CR5u+IXYdiseeEuXCVAjS54zqwkLcPNnmU4OeJ6tUrWhDw==",
      "engines": {
        "node": ">=0.10.0"
      }
    },
    "node_modules/styled-jsx": {
      "version": "5.0.6",
      "resolved": "https://registry.npmjs.org/styled-jsx/-/styled-jsx-5.0.6.tgz",
      "integrity": "sha512-xOeROtkK5MGMDimBQ3J6iPId8q0t/BDoG5XN6oKkZClVz9ISF/hihN8OCn2LggMU6N32aXnrXBdn3auSqNS9fA==",
      "engines": {
        "node": ">= 12.0.0"
      },
      "peerDependencies": {
        "react": ">= 16.8.0 || 17.x.x || ^18.0.0-0"
      },
      "peerDependenciesMeta": {
        "@babel/core": {
          "optional": true
        },
        "babel-plugin-macros": {
          "optional": true
        }
      }
    },
    "node_modules/tslib": {
      "version": "2.4.0",
      "resolved": "https://registry.npmjs.org/tslib/-/tslib-2.4.0.tgz",
      "integrity": "sha512-d6xOpEDfsi2CZVlPQzGeux8XMwLT9hssAsaPYExaQMuYskwb+x1x7J371tWlbBdWHroy99KnVB6qIkUbs5X3UQ=="
    },
    "node_modules/use-sync-external-store": {
      "version": "1.2.0",
      "resolved": "https://registry.npmjs.org/use-sync-external-store/-/use-sync-external-store-1.2.0.tgz",
      "integrity": "sha512-eEgnFxGQ1Ife9bzYs6VLi8/4X6CObHMw9Qr9tPY43iKwsPw8xE8+EFsf/2cFZ5S3esXgpWgtSCtLNS41F+sKPA==",
      "peerDependencies": {
        "react": "^16.8.0 || ^17.0.0 || ^18.0.0"
      }
    },
    "node_modules/web-streams-polyfill": {
      "version": "3.2.1",
      "resolved": "https://registry.npmjs.org/web-streams-polyfill/-/web-streams-polyfill-3.2.1.tgz",
      "integrity": "sha512-e0MO3wdXWKrLbL0DgGnUV7WHVuw9OUvL4hjgnPkIeEvESk74gAITi5G606JtZPp39cd8HA9VQzCIvA49LpPN5Q==",
      "engines": {
        "node": ">= 8"
      }
    }
  },
  "dependencies": {
    "@corex/deepmerge": {
      "version": "4.0.29",
      "resolved": "https://registry.npmjs.org/@corex/deepmerge/-/deepmerge-4.0.29.tgz",
      "integrity": "sha512-q/yVUnqckA8Do+EvAfpy7RLdumnBy9ZsducMUtZTvpdbJC7azEf1hGtnYYxm0QfphYxjwggv6XtH64prvS1W+A=="
    },
    "@next/env": {
      "version": "12.3.0",
      "resolved": "https://registry.npmjs.org/@next/env/-/env-12.3.0.tgz",
      "integrity": "sha512-PTJpjAFVbzBQ9xXpzMTroShvD5YDIIy46jQ7d4LrWpY+/5a8H90Tm8hE3Hvkc5RBRspVo7kvEOnqQms0A+2Q6w=="
    },
    "@next/swc-android-arm-eabi": {
      "version": "12.3.0",
      "resolved": "https://registry.npmjs.org/@next/swc-android-arm-eabi/-/swc-android-arm-eabi-12.3.0.tgz",
      "integrity": "sha512-/PuirPnAKsYBw93w/7Q9hqy+KGOU9mjYprZ/faxMUJh/dc6v3rYLxkZKNG9nFPIW4QKNTCnhP40xF9hLnxO+xg==",
      "optional": true
    },
    "@next/swc-android-arm64": {
      "version": "12.3.0",
      "resolved": "https://registry.npmjs.org/@next/swc-android-arm64/-/swc-android-arm64-12.3.0.tgz",
      "integrity": "sha512-OaI+FhAM6P9B6Ybwbn0Zl8YwWido0lLwhDBi9WiYCh4RQmIXAyVIoIJPHo4fP05+mXaJ/k1trvDvuURvHOq2qw==",
      "optional": true
    },
    "@next/swc-darwin-arm64": {
      "version": "12.3.0",
      "resolved": "https://registry.npmjs.org/@next/swc-darwin-arm64/-/swc-darwin-arm64-12.3.0.tgz",
      "integrity": "sha512-9s4d3Mhii+WFce8o8Jok7WC3Bawkr9wEUU++SJRptjU1L5tsfYJMrSYCACHLhZujziNDLyExe4Hwwsccps1sfg==",
      "optional": true
    },
    "@next/swc-darwin-x64": {
      "version": "12.3.0",
      "resolved": "https://registry.npmjs.org/@next/swc-darwin-x64/-/swc-darwin-x64-12.3.0.tgz",
      "integrity": "sha512-2scC4MqUTwGwok+wpVxP+zWp7WcCAVOtutki2E1n99rBOTnUOX6qXkgxSy083yBN6GqwuC/dzHeN7hIKjavfRA==",
      "optional": true
    },
    "@next/swc-freebsd-x64": {
      "version": "12.3.0",
      "resolved": "https://registry.npmjs.org/@next/swc-freebsd-x64/-/swc-freebsd-x64-12.3.0.tgz",
      "integrity": "sha512-xAlruUREij/bFa+qsE1tmsP28t7vz02N4ZDHt2lh3uJUniE0Ne9idyIDLc1Ed0IF2RjfgOp4ZVunuS3OM0sngw==",
      "optional": true
    },
    "@next/swc-linux-arm-gnueabihf": {
      "version": "12.3.0",
      "resolved": "https://registry.npmjs.org/@next/swc-linux-arm-gnueabihf/-/swc-linux-arm-gnueabihf-12.3.0.tgz",
      "integrity": "sha512-jin2S4VT/cugc2dSZEUIabhYDJNgrUh7fufbdsaAezgcQzqfdfJqfxl4E9GuafzB4cbRPTaqA0V5uqbp0IyGkQ==",
      "optional": true
    },
    "@next/swc-linux-arm64-gnu": {
      "version": "12.3.0",
      "resolved": "https://registry.npmjs.org/@next/swc-linux-arm64-gnu/-/swc-linux-arm64-gnu-12.3.0.tgz",
      "integrity": "sha512-RqJHDKe0WImeUrdR0kayTkRWgp4vD/MS7g0r6Xuf8+ellOFH7JAAJffDW3ayuVZeMYOa7RvgNFcOoWnrTUl9Nw==",
      "optional": true
    },
    "@next/swc-linux-arm64-musl": {
      "version": "12.3.0",
      "resolved": "https://registry.npmjs.org/@next/swc-linux-arm64-musl/-/swc-linux-arm64-musl-12.3.0.tgz",
      "integrity": "sha512-nvNWoUieMjvDjpYJ/4SQe9lQs2xMj6ZRs8N+bmTrVu9leY2Fg3WD6W9p/1uU9hGO8u+OdF13wc4iRShu/WYIHg==",
      "optional": true
    },
    "@next/swc-linux-x64-gnu": {
      "version": "12.3.0",
      "resolved": "https://registry.npmjs.org/@next/swc-linux-x64-gnu/-/swc-linux-x64-gnu-12.3.0.tgz",
      "integrity": "sha512-4ajhIuVU9PeQCMMhdDgZTLrHmjbOUFuIyg6J19hZqwEwDTSqQyrSLkbJs2Nd7IRiM6Ul/XyrtEFCpk4k+xD2+w==",
      "optional": true
    },
    "@next/swc-linux-x64-musl": {
      "version": "12.3.0",
      "resolved": "https://registry.npmjs.org/@next/swc-linux-x64-musl/-/swc-linux-x64-musl-12.3.0.tgz",
      "integrity": "sha512-U092RBYbaGxoMAwpauePJEu2PuZSEoUCGJBvsptQr2/2XIMwAJDYM4c/M5NfYEsBr+yjvsYNsOpYfeQ88D82Yg==",
      "optional": true
    },
    "@next/swc-win32-arm64-msvc": {
      "version": "12.3.0",
      "resolved": "https://registry.npmjs.org/@next/swc-win32-arm64-msvc/-/swc-win32-arm64-msvc-12.3.0.tgz",
      "integrity": "sha512-pzSzaxjDEJe67bUok9Nxf9rykbJfHXW0owICFsPBsqHyc+cr8vpF7g9e2APTCddtVhvjkga9ILoZJ9NxWS7Yiw==",
      "optional": true
    },
    "@next/swc-win32-ia32-msvc": {
      "version": "12.3.0",
      "resolved": "https://registry.npmjs.org/@next/swc-win32-ia32-msvc/-/swc-win32-ia32-msvc-12.3.0.tgz",
      "integrity": "sha512-MQGUpMbYhQmTZ06a9e0hPQJnxFMwETo2WtyAotY3GEzbNCQVbCGhsvqEKcl+ZEHgShlHXUWvSffq1ZscY6gK7A==",
      "optional": true
    },
    "@next/swc-win32-x64-msvc": {
      "version": "12.3.0",
      "resolved": "https://registry.npmjs.org/@next/swc-win32-x64-msvc/-/swc-win32-x64-msvc-12.3.0.tgz",
      "integrity": "sha512-C/nw6OgQpEULWqs+wgMHXGvlJLguPRFFGqR2TAqWBerQ8J+Sg3z1ZTqwelkSi4FoqStGuZ2UdFHIDN1ySmR1xA==",
      "optional": true
    },
    "@swc/helpers": {
      "version": "0.4.11",
      "resolved": "https://registry.npmjs.org/@swc/helpers/-/helpers-0.4.11.tgz",
      "integrity": "sha512-rEUrBSGIoSFuYxwBYtlUFMlE2CwGhmW+w9355/5oduSw8e5h2+Tj4UrAGNNgP9915++wj5vkQo0UuOBqOAq4nw==",
      "requires": {
        "tslib": "^2.4.0"
      }
    },
    "@types/json-patch": {
      "version": "0.0.30",
      "resolved": "https://registry.npmjs.org/@types/json-patch/-/json-patch-0.0.30.tgz",
      "integrity": "sha512-MhCUjojzDhVLnZnxwPwa+rETFRDQ0ffjxYdrqOP6TBO2O0/Z64PV5tNeYApo4bc4y4frbWOrRwv/eEkXlI13Rw=="
    },
    "asynckit": {
      "version": "0.4.0",
      "resolved": "https://registry.npmjs.org/asynckit/-/asynckit-0.4.0.tgz",
      "integrity": "sha512-Oei9OH4tRh0YqU3GxhX79dM/mwVgvbZJaSNaRk+bshkj0S5cfHcgYakreBjrHwatXKbz+IoIdYLxrKim2MjW0Q=="
    },
    "axios": {
      "version": "0.27.2",
      "resolved": "https://registry.npmjs.org/axios/-/axios-0.27.2.tgz",
      "integrity": "sha512-t+yRIyySRTp/wua5xEr+z1q60QmLq8ABsS5O9Me1AsE5dfKqgnCFzwiCZZ/cGNd1lq4/7akDWMxdhVlucjmnOQ==",
      "requires": {
        "follow-redirects": "^1.14.9",
        "form-data": "^4.0.0"
      }
    },
    "call-bind": {
      "version": "1.0.2",
      "resolved": "https://registry.npmjs.org/call-bind/-/call-bind-1.0.2.tgz",
      "integrity": "sha512-7O+FbCihrB5WGbFYesctwmTKae6rOiIzmz1icreWJ+0aA7LJfuqhEso2T9ncpcFtzMQtzXf2QGGueWJGTYsqrA==",
      "requires": {
        "function-bind": "^1.1.1",
        "get-intrinsic": "^1.0.2"
      }
    },
    "caniuse-lite": {
      "version": "1.0.30001400",
      "resolved": "https://registry.npmjs.org/caniuse-lite/-/caniuse-lite-1.0.30001400.tgz",
      "integrity": "sha512-Mv659Hn65Z4LgZdJ7ge5JTVbE3rqbJaaXgW5LEI9/tOaXclfIZ8DW7D7FCWWWmWiiPS7AC48S8kf3DApSxQdgA=="
    },
    "combined-stream": {
      "version": "1.0.8",
      "resolved": "https://registry.npmjs.org/combined-stream/-/combined-stream-1.0.8.tgz",
      "integrity": "sha512-FQN4MRfuJeHf7cBbBMJFXhKSDq+2kAArBlmRBvcvFE5BB1HZKXtSFASDhdlz9zOYwxh8lDdnvmMOe/+5cdoEdg==",
      "requires": {
        "delayed-stream": "~1.0.0"
      }
    },
    "contentful-management": {
      "version": "10.14.0",
      "resolved": "https://registry.npmjs.org/contentful-management/-/contentful-management-10.14.0.tgz",
      "integrity": "sha512-F4CnduBr4EF/toRpNit0bB/xWcVKlUdnTqXT/DaZYURFIyh6ltGHqzHkskia2grG++/KZVPAcqNEM3Y5GV0pFg==",
      "requires": {
        "@types/json-patch": "0.0.30",
        "axios": "^0.27.1",
        "contentful-sdk-core": "^7.0.1",
        "fast-copy": "^2.1.1",
        "lodash.isplainobject": "^4.0.6"
      }
    },
    "contentful-sdk-core": {
      "version": "7.0.2",
      "resolved": "https://registry.npmjs.org/contentful-sdk-core/-/contentful-sdk-core-7.0.2.tgz",
      "integrity": "sha512-HkBzzzJ3UGqOIJiTd4qMEMvn44ccrN7a75gEej28X1srGn05myRgJ/pWbmXJhtgpq/5gU7IURnynyKx/ecsOfg==",
      "requires": {
        "fast-copy": "^2.1.3",
        "lodash.isplainobject": "^4.0.6",
        "lodash.isstring": "^4.0.1",
        "p-throttle": "^4.1.1",
        "qs": "^6.9.4"
      }
    },
    "data-uri-to-buffer": {
      "version": "4.0.0",
      "resolved": "https://registry.npmjs.org/data-uri-to-buffer/-/data-uri-to-buffer-4.0.0.tgz",
      "integrity": "sha512-Vr3mLBA8qWmcuschSLAOogKgQ/Jwxulv3RNE4FXnYWRGujzrRWQI4m12fQqRkwX06C0KanhLr4hK+GydchZsaA=="
    },
    "delayed-stream": {
      "version": "1.0.0",
      "resolved": "https://registry.npmjs.org/delayed-stream/-/delayed-stream-1.0.0.tgz",
      "integrity": "sha512-ZySD7Nf91aLB0RxL4KGrKHBXl7Eds1DAmEdcoVawXnLD7SDhpNgtuII2aAkg7a7QS41jxPSZ17p4VdGnMHk3MQ=="
    },
    "dotenv": {
      "version": "16.0.2",
      "resolved": "https://registry.npmjs.org/dotenv/-/dotenv-16.0.2.tgz",
      "integrity": "sha512-JvpYKUmzQhYoIFgK2MOnF3bciIZoItIIoryihy0rIA+H4Jy0FmgyKYAHCTN98P5ybGSJcIFbh6QKeJdtZd1qhA=="
    },
    "fast-copy": {
      "version": "2.1.3",
      "resolved": "https://registry.npmjs.org/fast-copy/-/fast-copy-2.1.3.tgz",
      "integrity": "sha512-LDzYKNTHhD+XOp8wGMuCkY4eTxFZOOycmpwLBiuF3r3OjOmZnURRD8t2dUAbmKuXGbo/MGggwbSjcBdp8QT0+g=="
    },
    "fetch-blob": {
      "version": "3.2.0",
      "resolved": "https://registry.npmjs.org/fetch-blob/-/fetch-blob-3.2.0.tgz",
      "integrity": "sha512-7yAQpD2UMJzLi1Dqv7qFYnPbaPx7ZfFK6PiIxQ4PfkGPyNyl2Ugx+a/umUonmKqjhM4DnfbMvdX6otXq83soQQ==",
      "requires": {
        "node-domexception": "^1.0.0",
        "web-streams-polyfill": "^3.0.3"
      }
    },
    "follow-redirects": {
      "version": "1.15.2",
      "resolved": "https://registry.npmjs.org/follow-redirects/-/follow-redirects-1.15.2.tgz",
      "integrity": "sha512-VQLG33o04KaQ8uYi2tVNbdrWp1QWxNNea+nmIB4EVM28v0hmP17z7aG1+wAkNzVq4KeXTq3221ye5qTJP91JwA=="
    },
    "form-data": {
      "version": "4.0.0",
      "resolved": "https://registry.npmjs.org/form-data/-/form-data-4.0.0.tgz",
      "integrity": "sha512-ETEklSGi5t0QMZuiXoA/Q6vcnxcLQP5vdugSpuAyi6SVGi2clPPp+xgEhuMaHC+zGgn31Kd235W35f7Hykkaww==",
      "requires": {
        "asynckit": "^0.4.0",
        "combined-stream": "^1.0.8",
        "mime-types": "^2.1.12"
      }
    },
    "formdata-polyfill": {
      "version": "4.0.10",
      "resolved": "https://registry.npmjs.org/formdata-polyfill/-/formdata-polyfill-4.0.10.tgz",
      "integrity": "sha512-buewHzMvYL29jdeQTVILecSaZKnt/RJWjoZCF5OW60Z67/GmSLBkOFM7qh1PI3zFNtJbaZL5eQu1vLfazOwj4g==",
      "requires": {
        "fetch-blob": "^3.1.2"
      }
    },
    "function-bind": {
      "version": "1.1.1",
      "resolved": "https://registry.npmjs.org/function-bind/-/function-bind-1.1.1.tgz",
      "integrity": "sha512-yIovAzMX49sF8Yl58fSCWJ5svSLuaibPxXQJFLmBObTuCr0Mf1KiPopGM9NiFjiYBCbfaa2Fh6breQ6ANVTI0A=="
    },
    "get-intrinsic": {
      "version": "1.1.3",
      "resolved": "https://registry.npmjs.org/get-intrinsic/-/get-intrinsic-1.1.3.tgz",
      "integrity": "sha512-QJVz1Tj7MS099PevUG5jvnt9tSkXN8K14dxQlikJuPt4uD9hHAHjLyLBiLR5zELelBdD9QNRAXZzsJx0WaDL9A==",
      "requires": {
        "function-bind": "^1.1.1",
        "has": "^1.0.3",
        "has-symbols": "^1.0.3"
      }
    },
    "has": {
      "version": "1.0.3",
      "resolved": "https://registry.npmjs.org/has/-/has-1.0.3.tgz",
      "integrity": "sha512-f2dvO0VU6Oej7RkWJGrehjbzMAjFp5/VKPp5tTpWIV4JHHZK1/BxbFRtf/siA2SWTe09caDmVtYYzWEIbBS4zw==",
      "requires": {
        "function-bind": "^1.1.1"
      }
    },
    "has-symbols": {
      "version": "1.0.3",
      "resolved": "https://registry.npmjs.org/has-symbols/-/has-symbols-1.0.3.tgz",
      "integrity": "sha512-l3LCuF6MgDNwTDKkdYGEihYjt5pRPbEg46rtlmnSPlUbgmB8LOIrKJbYYFBSbnPaJexMKtiPO8hmeRjRz2Td+A=="
    },
    "js-tokens": {
      "version": "4.0.0",
      "resolved": "https://registry.npmjs.org/js-tokens/-/js-tokens-4.0.0.tgz",
      "integrity": "sha512-RdJUflcE3cUzKiMqQgsCu06FPu9UdIJO0beYbPhHN4k6apgJtifcoCtT9bcxOpYBtpD2kCM6Sbzg4CausW/PKQ=="
    },
    "lodash.isplainobject": {
      "version": "4.0.6",
      "resolved": "https://registry.npmjs.org/lodash.isplainobject/-/lodash.isplainobject-4.0.6.tgz",
      "integrity": "sha512-oSXzaWypCMHkPC3NvBEaPHf0KsA5mvPrOPgQWDsbg8n7orZ290M0BmC/jgRZ4vcJ6DTAhjrsSYgdsW/F+MFOBA=="
    },
    "lodash.isstring": {
      "version": "4.0.1",
      "resolved": "https://registry.npmjs.org/lodash.isstring/-/lodash.isstring-4.0.1.tgz",
      "integrity": "sha512-0wJxfxH1wgO3GrbuP+dTTk7op+6L41QCXbGINEmD+ny/G/eCqGzxyCsh7159S+mgDDcoarnBw6PC1PS5+wUGgw=="
    },
    "loose-envify": {
      "version": "1.4.0",
      "resolved": "https://registry.npmjs.org/loose-envify/-/loose-envify-1.4.0.tgz",
      "integrity": "sha512-lyuxPGr/Wfhrlem2CL/UcnUc1zcqKAImBDzukY7Y5F/yQiNdko6+fRLevlw1HgMySw7f611UIY408EtxRSoK3Q==",
      "requires": {
        "js-tokens": "^3.0.0 || ^4.0.0"
      }
    },
    "mime-db": {
      "version": "1.52.0",
      "resolved": "https://registry.npmjs.org/mime-db/-/mime-db-1.52.0.tgz",
      "integrity": "sha512-sPU4uV7dYlvtWJxwwxHD0PuihVNiE7TyAbQ5SWxDCB9mUYvOgroQOwYQQOKPJ8CIbE+1ETVlOoK1UC2nU3gYvg=="
    },
    "mime-types": {
      "version": "2.1.35",
      "resolved": "https://registry.npmjs.org/mime-types/-/mime-types-2.1.35.tgz",
      "integrity": "sha512-ZDY+bPm5zTTF+YpCrAU9nK0UgICYPT0QtT1NZWFv4s++TNkcgVaT0g6+4R2uI4MjQjzysHB1zxuWL50hzaeXiw==",
      "requires": {
        "mime-db": "1.52.0"
      }
    },
    "minimist": {
      "version": "1.2.6",
      "resolved": "https://registry.npmjs.org/minimist/-/minimist-1.2.6.tgz",
      "integrity": "sha512-Jsjnk4bw3YJqYzbdyBiNsPWHPfO++UGG749Cxs6peCu5Xg4nrena6OVxOYxrQTqww0Jmwt+Ref8rggumkTLz9Q=="
    },
    "nanoid": {
      "version": "3.3.4",
      "resolved": "https://registry.npmjs.org/nanoid/-/nanoid-3.3.4.tgz",
      "integrity": "sha512-MqBkQh/OHTS2egovRtLk45wEyNXwF+cokD+1YPf9u5VfJiRdAiRwB2froX5Co9Rh20xs4siNPm8naNotSD6RBw=="
    },
    "next": {
      "version": "12.3.0",
      "resolved": "https://registry.npmjs.org/next/-/next-12.3.0.tgz",
      "integrity": "sha512-GpzI6me9V1+XYtfK0Ae9WD0mKqHyzQlGq1xH1rzNIYMASo4Tkl4rTe9jSqtBpXFhOS33KohXs9ZY38Akkhdciw==",
      "requires": {
        "@next/env": "12.3.0",
        "@next/swc-android-arm-eabi": "12.3.0",
        "@next/swc-android-arm64": "12.3.0",
        "@next/swc-darwin-arm64": "12.3.0",
        "@next/swc-darwin-x64": "12.3.0",
        "@next/swc-freebsd-x64": "12.3.0",
        "@next/swc-linux-arm-gnueabihf": "12.3.0",
        "@next/swc-linux-arm64-gnu": "12.3.0",
        "@next/swc-linux-arm64-musl": "12.3.0",
        "@next/swc-linux-x64-gnu": "12.3.0",
        "@next/swc-linux-x64-musl": "12.3.0",
        "@next/swc-win32-arm64-msvc": "12.3.0",
        "@next/swc-win32-ia32-msvc": "12.3.0",
        "@next/swc-win32-x64-msvc": "12.3.0",
        "@swc/helpers": "0.4.11",
        "caniuse-lite": "^1.0.30001332",
        "postcss": "8.4.14",
        "styled-jsx": "5.0.6",
        "use-sync-external-store": "1.2.0"
      }
    },
    "next-seo": {
      "version": "5.5.0",
      "resolved": "https://registry.npmjs.org/next-seo/-/next-seo-5.5.0.tgz",
      "integrity": "sha512-5ouBHFtx8YrSDW44lj0qIEQ+oMcz6stgoITB+SqHUZbhgizoJsyLmq73gJ0lxtEKpcN8vG2QgRIJfdb8OAPChw==",
      "requires": {}
    },
    "next-sitemap": {
      "version": "3.1.22",
      "resolved": "https://registry.npmjs.org/next-sitemap/-/next-sitemap-3.1.22.tgz",
      "integrity": "sha512-aykbwYTNJ2GKSuxYpXgKK7m/a1Qao03ekUlsNLHvO8XuTTVZDAOe2hGcJtr2vQfXnLeZuSpNUs2IP6hCr4xVZA==",
      "requires": {
        "@corex/deepmerge": "^4.0.29",
        "minimist": "^1.2.6"
      }
    },
    "node-domexception": {
      "version": "1.0.0",
      "resolved": "https://registry.npmjs.org/node-domexception/-/node-domexception-1.0.0.tgz",
      "integrity": "sha512-/jKZoMpw0F8GRwl4/eLROPA3cfcXtLApP0QzLmUT/HuPCZWyB7IY9ZrMeKw2O/nFIqPQB3PVM9aYm0F312AXDQ=="
    },
    "node-fetch": {
      "version": "3.2.10",
      "resolved": "https://registry.npmjs.org/node-fetch/-/node-fetch-3.2.10.tgz",
      "integrity": "sha512-MhuzNwdURnZ1Cp4XTazr69K0BTizsBroX7Zx3UgDSVcZYKF/6p0CBe4EUb/hLqmzVhl0UpYfgRljQ4yxE+iCxA==",
      "requires": {
        "data-uri-to-buffer": "^4.0.0",
        "fetch-blob": "^3.1.4",
        "formdata-polyfill": "^4.0.10"
      }
    },
    "object-inspect": {
      "version": "1.12.2",
      "resolved": "https://registry.npmjs.org/object-inspect/-/object-inspect-1.12.2.tgz",
      "integrity": "sha512-z+cPxW0QGUp0mcqcsgQyLVRDoXFQbXOwBaqyF7VIgI4TWNQsDHrBpUQslRmIfAoYWdYzs6UlKJtB2XJpTaNSpQ=="
    },
    "p-throttle": {
      "version": "4.1.1",
      "resolved": "https://registry.npmjs.org/p-throttle/-/p-throttle-4.1.1.tgz",
      "integrity": "sha512-TuU8Ato+pRTPJoDzYD4s7ocJYcNSEZRvlxoq3hcPI2kZDZ49IQ1Wkj7/gDJc3X7XiEAAvRGtDzdXJI0tC3IL1g=="
    },
    "picocolors": {
      "version": "1.0.0",
      "resolved": "https://registry.npmjs.org/picocolors/-/picocolors-1.0.0.tgz",
      "integrity": "sha512-1fygroTLlHu66zi26VoTDv8yRgm0Fccecssto+MhsZ0D/DGW2sm8E8AjW7NU5VVTRt5GxbeZ5qBuJr+HyLYkjQ=="
    },
    "postcss": {
      "version": "8.4.14",
      "resolved": "https://registry.npmjs.org/postcss/-/postcss-8.4.14.tgz",
      "integrity": "sha512-E398TUmfAYFPBSdzgeieK2Y1+1cpdxJx8yXbK/m57nRhKSmk1GB2tO4lbLBtlkfPQTDKfe4Xqv1ASWPpayPEig==",
      "requires": {
        "nanoid": "^3.3.4",
        "picocolors": "^1.0.0",
        "source-map-js": "^1.0.2"
      }
    },
    "qs": {
      "version": "6.11.0",
      "resolved": "https://registry.npmjs.org/qs/-/qs-6.11.0.tgz",
      "integrity": "sha512-MvjoMCJwEarSbUYk5O+nmoSzSutSsTwF85zcHPQ9OrlFoZOYIjaqBAJIqIXjptyD5vThxGq52Xu/MaJzRkIk4Q==",
      "requires": {
        "side-channel": "^1.0.4"
      }
    },
    "react": {
      "version": "18.2.0",
      "resolved": "https://registry.npmjs.org/react/-/react-18.2.0.tgz",
      "integrity": "sha512-/3IjMdb2L9QbBdWiW5e3P2/npwMBaU9mHCSCUzNln0ZCYbcfTsGbTJrU/kGemdH2IWmB2ioZ+zkxtmq6g09fGQ==",
      "requires": {
        "loose-envify": "^1.1.0"
      }
    },
    "react-dom": {
      "version": "18.2.0",
      "resolved": "https://registry.npmjs.org/react-dom/-/react-dom-18.2.0.tgz",
      "integrity": "sha512-6IMTriUmvsjHUjNtEDudZfuDQUoWXVxKHhlEGSk81n4YFS+r/Kl99wXiwlVXtPBtJenozv2P+hxDsw9eA7Xo6g==",
      "requires": {
        "loose-envify": "^1.1.0",
        "scheduler": "^0.23.0"
      }
    },
    "scheduler": {
      "version": "0.23.0",
      "resolved": "https://registry.npmjs.org/scheduler/-/scheduler-0.23.0.tgz",
      "integrity": "sha512-CtuThmgHNg7zIZWAXi3AsyIzA3n4xx7aNyjwC2VJldO2LMVDhFK+63xGqq6CsJH4rTAt6/M+N4GhZiDYPx9eUw==",
      "requires": {
        "loose-envify": "^1.1.0"
      }
    },
    "side-channel": {
      "version": "1.0.4",
      "resolved": "https://registry.npmjs.org/side-channel/-/side-channel-1.0.4.tgz",
      "integrity": "sha512-q5XPytqFEIKHkGdiMIrY10mvLRvnQh42/+GoBlFW3b2LXLE2xxJpZFdm94we0BaoV3RwJyGqg5wS7epxTv0Zvw==",
      "requires": {
        "call-bind": "^1.0.0",
        "get-intrinsic": "^1.0.2",
        "object-inspect": "^1.9.0"
      }
    },
    "source-map-js": {
      "version": "1.0.2",
      "resolved": "https://registry.npmjs.org/source-map-js/-/source-map-js-1.0.2.tgz",
      "integrity": "sha512-R0XvVJ9WusLiqTCEiGCmICCMplcCkIwwR11mOSD9CR5u+IXYdiseeEuXCVAjS54zqwkLcPNnmU4OeJ6tUrWhDw=="
    },
    "styled-jsx": {
      "version": "5.0.6",
      "resolved": "https://registry.npmjs.org/styled-jsx/-/styled-jsx-5.0.6.tgz",
      "integrity": "sha512-xOeROtkK5MGMDimBQ3J6iPId8q0t/BDoG5XN6oKkZClVz9ISF/hihN8OCn2LggMU6N32aXnrXBdn3auSqNS9fA==",
      "requires": {}
    },
    "tslib": {
      "version": "2.4.0",
      "resolved": "https://registry.npmjs.org/tslib/-/tslib-2.4.0.tgz",
      "integrity": "sha512-d6xOpEDfsi2CZVlPQzGeux8XMwLT9hssAsaPYExaQMuYskwb+x1x7J371tWlbBdWHroy99KnVB6qIkUbs5X3UQ=="
    },
    "use-sync-external-store": {
      "version": "1.2.0",
      "resolved": "https://registry.npmjs.org/use-sync-external-store/-/use-sync-external-store-1.2.0.tgz",
      "integrity": "sha512-eEgnFxGQ1Ife9bzYs6VLi8/4X6CObHMw9Qr9tPY43iKwsPw8xE8+EFsf/2cFZ5S3esXgpWgtSCtLNS41F+sKPA==",
      "requires": {}
    },
    "web-streams-polyfill": {
      "version": "3.2.1",
      "resolved": "https://registry.npmjs.org/web-streams-polyfill/-/web-streams-polyfill-3.2.1.tgz",
      "integrity": "sha512-e0MO3wdXWKrLbL0DgGnUV7WHVuw9OUvL4hjgnPkIeEvESk74gAITi5G606JtZPp39cd8HA9VQzCIvA49LpPN5Q=="
    }
  }
}
